
Microsoft Visual Studio Solution File, Format Version 12.00
# Visual Studio Version 16
VisualStudioVersion = 16.0.31424.327
MinimumVisualStudioVersion = 10.0.40219.1
Project("{FAE04EC0-301F-11D3-BF4B-00C04F79EFBC}") = "FooderosSpammer", "FooderosSpammer\FooderosSpammer.csproj", "{274AB902-6A10-4A3A-B91C-BFAB6F4737C4}"
EndProject
Global
	GlobalSection(SolutionConfigurationPlatforms) = preSolution
		Debug|Any CPU = Debug|Any CPU
		Release|Any CPU = Release|Any CPU
	EndGlobalSection
	GlobalSection(ProjectConfigurationPlatforms) = postSolution
		{274AB902-6A10-4A3A-B91C-BFAB6F4737C4}.Debug|Any CPU.ActiveCfg = Debug|Any CPU
		{274AB902-6A10-4A3A-B91C-BFAB6F4737C4}.Debug|Any CPU.Build.0 = Debug|Any CPU
		{274AB902-6A10-4A3A-B91C-BFAB6F4737C4}.Release|Any CPU.ActiveCfg = Release|Any CPU
		{274AB902-6A10-4A3A-B91C-BFAB6F4737C4}.Release|Any CPU.Build.0 = Release|Any CPU
	EndGlobalSection
	GlobalSection(SolutionProperties) = preSolution
		HideSolutionNode = FALSE
	EndGlobalSection
	GlobalSection(ExtensibilityGlobals) = postSolution
		SolutionGuid = {2A0171A7-0CA1-426B-95A6-46C07C7E248E}
	EndGlobalSection
EndGlobal
